<?xml version="1.0" encoding="utf-8"?>
<Project ToolsVersion="4.0" xmlns="http://schemas.microsoft.com/developer/msbuild/2003">
  <ItemGroup>
    <Filter Include="Header Files">
      <UniqueIdentifier>{93995380-89BD-4b04-88EB-625FBE52EBFB}</UniqueIdentifier>
      <Extensions>h;hh;hpp;hxx;h++;hm;inl;inc;ipp;xsd</Extensions>
    </Filter>
    <Filter Include="Resource Files">
      <UniqueIdentifier>{67DA6AB6-F800-4c08-8B7A-83BB121AAD01}</UniqueIdentifier>
      <Extensions>rc;ico;cur;bmp;dlg;rc2;rct;bin;rgs;gif;jpg;jpeg;jpe;resx;tiff;tif;png;wav;mfcribbon-ms</Extensions>
    </Filter>
    <Filter Include="Source Files">
      <UniqueIdentifier>{4FC737F1-C7A5-4376-A066-2A32D752A2FF}</UniqueIdentifier>
      <Extensions>cpp;c;cc;cxx;c++;cppm;ixx;def;odl;idl;hpj;bat;asm;asmx</Extensions>
    </Filter>
    <Filter Include="Generated Files">
      <UniqueIdentifier>{14675bda-c880-4248-bd7f-e515cdcc355b}</UniqueIdentifier>
      <SourceControlFiles>False</SourceControlFiles>
    </Filter>
  </ItemGroup>
  <ItemGroup>
    <ClInclude Include="framework.h">
      <Filter>Header Files</Filter>
    </ClInclude>
    <ClInclude Include="targetver.h">
      <Filter>Header Files</Filter>
    </ClInclude>
    <ClInclude Include="Resource.h">
      <Filter>Header Files</Filter>
    </ClInclude>
    <ClInclude Include="dllmain.h">
      <Filter>Header Files</Filter>
    </ClInclude>
    <ClInclude Include="NaturalVoiceSAPIAdapter_i.h">
      <Filter>Generated Files</Filter>
    </ClInclude>
    <ClInclude Include="pch.h">
      <Filter>Header Files</Filter>
    </ClInclude>
    <ClInclude Include="TTSEngine.h">
      <Filter>Header Files</Filter>
    </ClInclude>
    <ClInclude Include="SpeechRestAPI.h">
      <Filter>Header Files</Filter>
    </ClInclude>
    <ClInclude Include="VoiceTokenEnumerator.h">
      <Filter>Header Files</Filter>
    </ClInclude>
    <ClInclude Include="VoiceToken.h">
      <Filter>Header Files</Filter>
    </ClInclude>
    <ClInclude Include="DataKey.h">
      <Filter>Header Files</Filter>
    </ClInclude>
    <ClInclude Include="DataKeyAutomation.h">
      <Filter>Header Files</Filter>
    </ClInclude>
    <ClInclude Include="VoiceTokenAutomation.h">
      <Filter>Header Files</Filter>
    </ClInclude>
    <ClInclude Include="SpeechServiceConstants.h">
      <Filter>Header Files</Filter>
    </ClInclude>
    <ClInclude Include="Mp3Decoder.h">
      <Filter>Header Files</Filter>
    </ClInclude>
    <ClInclude Include="wrappers.h">
      <Filter>Header Files</Filter>
    </ClInclude>
    <ClInclude Include="StringTokenizer.h">
      <Filter>Header Files</Filter>
    </ClInclude>
    <ClInclude Include="NetUtils.h">
      <Filter>Header Files</Filter>
    </ClInclude>
    <ClInclude Include="StrUtils.h">
      <Filter>Header Files</Filter>
    </ClInclude>
    <ClInclude Include="LangUtils.h">
      <Filter>Header Files</Filter>
    </ClInclude>
  </ItemGroup>
  <ItemGroup>
    <ClCompile Include="NaturalVoiceSAPIAdapter.cpp">
      <Filter>Source Files</Filter>
    </ClCompile>
    <ClCompile Include="dllmain.cpp">
      <Filter>Source Files</Filter>
    </ClCompile>
    <ClCompile Include="NaturalVoiceSAPIAdapter_i.c">
      <Filter>Generated Files</Filter>
    </ClCompile>
    <ClCompile Include="pch.cpp">
      <Filter>Source Files</Filter>
    </ClCompile>
    <ClCompile Include="TTSEngine.cpp">
      <Filter>Source Files</Filter>
    </ClCompile>
    <ClCompile Include="SpeechRestAPI.cpp">
      <Filter>Source Files</Filter>
    </ClCompile>
    <ClCompile Include="delaydll.cpp">
      <Filter>Source Files</Filter>
    </ClCompile>
    <ClCompile Include="VoiceTokenEnumerator.cpp">
      <Filter>Source Files</Filter>
    </ClCompile>
    <ClCompile Include="Mp3Decoder.cpp">
      <Filter>Source Files</Filter>
    </ClCompile>
    <ClCompile Include="NetUtils.cpp">
      <Filter>Source Files</Filter>
    </ClCompile>
    <ClCompile Include="LangUtils.cpp">
      <Filter>Source Files</Filter>
    </ClCompile>
  </ItemGroup>
  <ItemGroup>
    <ResourceCompile Include="NaturalVoiceSAPIAdapter.rc">
      <Filter>Resource Files</Filter>
    </ResourceCompile>
  </ItemGroup>
  <ItemGroup>
    <None Include="NaturalVoiceSAPIAdapter.rgs">
      <Filter>Resource Files</Filter>
    </None>
    <None Include="NaturalVoiceSAPIAdapter.def">
      <Filter>Source Files</Filter>
    </None>
    <None Include="TTSEngine.rgs">
      <Filter>Resource Files</Filter>
    </None>
    <None Include="packages.config" />
    <None Include="VoiceTokenEnumerator.rgs">
      <Filter>Resource Files</Filter>
    </None>
    <None Include="DataKeyAutomation.rgs">
      <Filter>Resource Files</Filter>
    </None>
    <None Include="VoiceTokenAutomation.rgs">
      <Filter>Resource Files</Filter>
    </None>
  </ItemGroup>
  <ItemGroup>
    <Midl Include="NaturalVoiceSAPIAdapter.idl">
      <Filter>Source Files</Filter>
    </Midl>
  </ItemGroup>
</Project>